// !$*UTF8*$!
{
	archiveVersion = 1;
	classes = {
	};
	objectVersion = 48;
	objects = {

/* Begin PBXBuildFile section */
		9B304F091FD753530035781E /* QuestionViewController.swift in Sources */ = {isa = PBXBuildFile; fileRef = 9B304F081FD753530035781E /* QuestionViewController.swift */; };
		9B304F0B1FD753620035781E /* AnswerViewController.swift in Sources */ = {isa = PBXBuildFile; fileRef = 9B304F0A1FD753620035781E /* AnswerViewController.swift */; };
		9B304F0D1FD7536E0035781E /* VideoViewController.swift in Sources */ = {isa = PBXBuildFile; fileRef = 9B304F0C1FD7536E0035781E /* VideoViewController.swift */; };
		9B304F2F1FD757FF0035781E /* ReviewOverviewViewController.swift in Sources */ = {isa = PBXBuildFile; fileRef = 9B304F2E1FD757FF0035781E /* ReviewOverviewViewController.swift */; };
		9B39EA981FD0A6BC00A3825D /* finalreview0312.json in Resources */ = {isa = PBXBuildFile; fileRef = 9B39EA971FD0A6BC00A3825D /* finalreview0312.json */; };
		9B39EA9A1FD0A71C00A3825D /* MathFinalReviewDataModel.swift in Sources */ = {isa = PBXBuildFile; fileRef = 9B39EA991FD0A71C00A3825D /* MathFinalReviewDataModel.swift */; };
		9BBBC6FD1FD09DAA00F364E3 /* AppDelegate.swift in Sources */ = {isa = PBXBuildFile; fileRef = 9BBBC6FC1FD09DAA00F364E3 /* AppDelegate.swift */; };
		9BBBC7021FD09DAA00F364E3 /* Main.storyboard in Resources */ = {isa = PBXBuildFile; fileRef = 9BBBC7001FD09DAA00F364E3 /* Main.storyboard */; };
		9BBBC7041FD09DAA00F364E3 /* Assets.xcassets in Resources */ = {isa = PBXBuildFile; fileRef = 9BBBC7031FD09DAA00F364E3 /* Assets.xcassets */; };
		9BBBC7071FD09DAA00F364E3 /* LaunchScreen.storyboard in Resources */ = {isa = PBXBuildFile; fileRef = 9BBBC7051FD09DAA00F364E3 /* LaunchScreen.storyboard */; };
		9BE81C321FD0B0230097A943 /* GlobalConstantsVariables.swift in Sources */ = {isa = PBXBuildFile; fileRef = 9BE81C311FD0B0230097A943 /* GlobalConstantsVariables.swift */; };
/* End PBXBuildFile section */

/* Begin PBXFileReference section */
		9B304F081FD753530035781E /* QuestionViewController.swift */ = {isa = PBXFileReference; lastKnownFileType = sourcecode.swift; path = QuestionViewController.swift; sourceTree = "<group>"; };
		9B304F0A1FD753620035781E /* AnswerViewController.swift */ = {isa = PBXFileReference; lastKnownFileType = sourcecode.swift; path = AnswerViewController.swift; sourceTree = "<group>"; };
		9B304F0C1FD7536E0035781E /* VideoViewController.swift */ = {isa = PBXFileReference; lastKnownFileType = sourcecode.swift; path = VideoViewController.swift; sourceTree = "<group>"; };
		9B304F2E1FD757FF0035781E /* ReviewOverviewViewController.swift */ = {isa = PBXFileReference; lastKnownFileType = sourcecode.swift; path = ReviewOverviewViewController.swift; sourceTree = "<group>"; };
		9B39EA971FD0A6BC00A3825D /* finalreview0312.json */ = {isa = PBXFileReference; fileEncoding = 4; lastKnownFileType = text.json; path = finalreview0312.json; sourceTree = "<group>"; };
		9B39EA991FD0A71C00A3825D /* MathFinalReviewDataModel.swift */ = {isa = PBXFileReference; fileEncoding = 4; lastKnownFileType = sourcecode.swift; path = MathFinalReviewDataModel.swift; sourceTree = "<group>"; };
		9BBBC6F91FD09DAA00F364E3 /* MathFinalExamReview.app */ = {isa = PBXFileReference; explicitFileType = wrapper.application; includeInIndex = 0; path = MathFinalExamReview.app; sourceTree = BUILT_PRODUCTS_DIR; };
		9BBBC6FC1FD09DAA00F364E3 /* AppDelegate.swift */ = {isa = PBXFileReference; lastKnownFileType = sourcecode.swift; path = AppDelegate.swift; sourceTree = "<group>"; };
		9BBBC7011FD09DAA00F364E3 /* Base */ = {isa = PBXFileReference; lastKnownFileType = file.storyboard; name = Base; path = Base.lproj/Main.storyboard; sourceTree = "<group>"; };
		9BBBC7031FD09DAA00F364E3 /* Assets.xcassets */ = {isa = PBXFileReference; lastKnownFileType = folder.assetcatalog; path = Assets.xcassets; sourceTree = "<group>"; };
		9BBBC7061FD09DAA00F364E3 /* Base */ = {isa = PBXFileReference; lastKnownFileType = file.storyboard; name = Base; path = Base.lproj/LaunchScreen.storyboard; sourceTree = "<group>"; };
		9BBBC7081FD09DAA00F364E3 /* Info.plist */ = {isa = PBXFileReference; lastKnownFileType = text.plist.xml; path = Info.plist; sourceTree = "<group>"; };
		9BE81C311FD0B0230097A943 /* GlobalConstantsVariables.swift */ = {isa = PBXFileReference; lastKnownFileType = sourcecode.swift; path = GlobalConstantsVariables.swift; sourceTree = "<group>"; };
/* End PBXFileReference section */

/* Begin PBXFrameworksBuildPhase section */
		9BBBC6F61FD09DAA00F364E3 /* Frameworks */ = {
			isa = PBXFrameworksBuildPhase;
			buildActionMask = 2147483647;
			files = (
			);
			runOnlyForDeploymentPostprocessing = 0;
		};
/* End PBXFrameworksBuildPhase section */

/* Begin PBXGroup section */
		9B39EA911FD09FDF00A3825D /* Images */ = {
			isa = PBXGroup;
			children = (
				9BBBC7031FD09DAA00F364E3 /* Assets.xcassets */,
			);
			path = Images;
			sourceTree = "<group>";
		};
		9B39EA961FD0A56C00A3825D /* Helper */ = {
			isa = PBXGroup;
			children = (
				9BE81C311FD0B0230097A943 /* GlobalConstantsVariables.swift */,
			);
			path = Helper;
			sourceTree = "<group>";
		};
		9BBBC6F01FD09DAA00F364E3 = {
			isa = PBXGroup;
			children = (
				9BBBC6FB1FD09DAA00F364E3 /* MathFinalExamReview */,
				9BBBC6FA1FD09DAA00F364E3 /* Products */,
			);
			sourceTree = "<group>";
		};
		9BBBC6FA1FD09DAA00F364E3 /* Products */ = {
			isa = PBXGroup;
			children = (
				9BBBC6F91FD09DAA00F364E3 /* MathFinalExamReview.app */,
			);
			name = Products;
			sourceTree = "<group>";
		};
		9BBBC6FB1FD09DAA00F364E3 /* MathFinalExamReview */ = {
			isa = PBXGroup;
			children = (
				9BBBC70F1FD09E6E00F364E3 /* Data Models */,
				9BBBC70E1FD09E6400F364E3 /* Controllers */,
				9BBBC6FC1FD09DAA00F364E3 /* AppDelegate.swift */,
				9BBBC7081FD09DAA00F364E3 /* Info.plist */,
				9B39EA961FD0A56C00A3825D /* Helper */,
				9B39EA911FD09FDF00A3825D /* Images */,
				9BBBC7101FD09E8400F364E3 /* Support Files */,
			);
			path = MathFinalExamReview;
			sourceTree = "<group>";
		};
		9BBBC70E1FD09E6400F364E3 /* Controllers */ = {
			isa = PBXGroup;
			children = (
				9BBBC7001FD09DAA00F364E3 /* Main.storyboard */,
				9B304F2E1FD757FF0035781E /* ReviewOverviewViewController.swift */,
				9B304F081FD753530035781E /* QuestionViewController.swift */,
				9B304F0A1FD753620035781E /* AnswerViewController.swift */,
				9B304F0C1FD7536E0035781E /* VideoViewController.swift */,
				9BBBC7051FD09DAA00F364E3 /* LaunchScreen.storyboard */,
			);
			path = Controllers;
			sourceTree = "<group>";
		};
		9BBBC70F1FD09E6E00F364E3 /* Data Models */ = {
			isa = PBXGroup;
			children = (
				9B39EA991FD0A71C00A3825D /* MathFinalReviewDataModel.swift */,
			);
			path = "Data Models";
			sourceTree = "<group>";
		};
		9BBBC7101FD09E8400F364E3 /* Support Files */ = {
			isa = PBXGroup;
			children = (
				9B39EA971FD0A6BC00A3825D /* finalreview0312.json */,
			);
			path = "Support Files";
			sourceTree = "<group>";
		};
/* End PBXGroup section */

/* Begin PBXNativeTarget section */
		9BBBC6F81FD09DAA00F364E3 /* MathFinalExamReview */ = {
			isa = PBXNativeTarget;
			buildConfigurationList = 9BBBC70B1FD09DAA00F364E3 /* Build configuration list for PBXNativeTarget "MathFinalExamReview" */;
			buildPhases = (
				9BBBC6F51FD09DAA00F364E3 /* Sources */,
				9BBBC6F61FD09DAA00F364E3 /* Frameworks */,
				9BBBC6F71FD09DAA00F364E3 /* Resources */,
			);
			buildRules = (
			);
			dependencies = (
			);
			name = MathFinalExamReview;
			productName = MathFinalExamReview;
			productReference = 9BBBC6F91FD09DAA00F364E3 /* MathFinalExamReview.app */;
			productType = "com.apple.product-type.application";
		};
/* End PBXNativeTarget section */

/* Begin PBXProject section */
		9BBBC6F11FD09DAA00F364E3 /* Project object */ = {
			isa = PBXProject;
			attributes = {
				LastSwiftUpdateCheck = 0910;
				LastUpgradeCheck = 0910;
				ORGANIZATIONNAME = "Prakash Sachania";
				TargetAttributes = {
					9BBBC6F81FD09DAA00F364E3 = {
						CreatedOnToolsVersion = 9.1;
						ProvisioningStyle = Automatic;
					};
				};
			};
			buildConfigurationList = 9BBBC6F41FD09DAA00F364E3 /* Build configuration list for PBXProject "MathFinalExamReview" */;
			compatibilityVersion = "Xcode 8.0";
			developmentRegion = en;
			hasScannedForEncodings = 0;
			knownRegions = (
				en,
				Base,
			);
			mainGroup = 9BBBC6F01FD09DAA00F364E3;
			productRefGroup = 9BBBC6FA1FD09DAA00F364E3 /* Products */;
			projectDirPath = "";
			projectRoot = "";
			targets = (
				9BBBC6F81FD09DAA00F364E3 /* MathFinalExamReview */,
			);
		};
/* End PBXProject section */

/* Begin PBXResourcesBuildPhase section */
		9BBBC6F71FD09DAA00F364E3 /* Resources */ = {
			isa = PBXResourcesBuildPhase;
			buildActionMask = 2147483647;
			files = (
				9B39EA981FD0A6BC00A3825D /* finalreview0312.json in Resources */,
				9BBBC7071FD09DAA00F364E3 /* LaunchScreen.storyboard in Resources */,
				9BBBC7041FD09DAA00F364E3 /* Assets.xcassets in Resources */,
				9BBBC7021FD09DAA00F364E3 /* Main.storyboard in Resources */,
			);
			runOnlyForDeploymentPostprocessing = 0;
		};
/* End PBXResourcesBuildPhase section */

/* Begin PBXSourcesBuildPhase section */
		9BBBC6F51FD09DAA00F364E3 /* Sources */ = {
			isa = PBXSourcesBuildPhase;
			buildActionMask = 2147483647;
			files = (
				9B39EA9A1FD0A71C00A3825D /* MathFinalReviewDataModel.swift in Sources */,
				9B304F0D1FD7536E0035781E /* VideoViewController.swift in Sources */,
				9B304F2F1FD757FF0035781E /* ReviewOverviewViewController.swift in Sources */,
				9B304F091FD753530035781E /* QuestionViewController.swift in Sources */,
				9BE81C321FD0B0230097A943 /* GlobalConstantsVariables.swift in Sources */,
				9B304F0B1FD753620035781E /* AnswerViewController.swift in Sources */,
				9BBBC6FD1FD09DAA00F364E3 /* AppDelegate.swift in Sources */,
			);
			runOnlyForDeploymentPostprocessing = 0;
		};
/* End PBXSourcesBuildPhase section */

/* Begin PBXVariantGroup section */
		9BBBC7001FD09DAA00F364E3 /* Main.storyboard */ = {
			isa = PBXVariantGroup;
			children = (
				9BBBC7011FD09DAA00F364E3 /* Base */,
			);
			name = Main.storyboard;
			sourceTree = "<group>";
		};
		9BBBC7051FD09DAA00F364E3 /* LaunchScreen.storyboard */ = {
			isa = PBXVariantGroup;
			children = (
				9BBBC7061FD09DAA00F364E3 /* Base */,
			);
			name = LaunchScreen.storyboard;
			sourceTree = "<group>";
		};
/* End PBXVariantGroup section */

/* Begin XCBuildConfiguration section */
		9BBBC7091FD09DAA00F364E3 /* Debug */ = {
			isa = XCBuildConfiguration;
			buildSettings = {
				ALWAYS_SEARCH_USER_PATHS = NO;
				CLANG_ANALYZER_NONNULL = YES;
				CLANG_ANALYZER_NUMBER_OBJECT_CONVERSION = YES_AGGRESSIVE;
				CLANG_CXX_LANGUAGE_STANDARD = "gnu++14";
				CLANG_CXX_LIBRARY = "libc++";
				CLANG_ENABLE_MODULES = YES;
				CLANG_ENABLE_OBJC_ARC = YES;
				CLANG_WARN_BLOCK_CAPTURE_AUTORELEASING = YES;
				CLANG_WARN_BOOL_CONVERSION = YES;
				CLANG_WARN_COMMA = YES;
				CLANG_WARN_CONSTANT_CONVERSION = YES;
				CLANG_WARN_DIRECT_OBJC_ISA_USAGE = YES_ERROR;
				CLANG_WARN_DOCUMENTATION_COMMENTS = YES;
				CLANG_WARN_EMPTY_BODY = YES;
				CLANG_WARN_ENUM_CONVERSION = YES;
				CLANG_WARN_INFINITE_RECURSION = YES;
				CLANG_WARN_INT_CONVERSION = YES;
				CLANG_WARN_NON_LITERAL_NULL_CONVERSION = YES;
				CLANG_WARN_OBJC_LITERAL_CONVERSION = YES;
				CLANG_WARN_OBJC_ROOT_CLASS = YES_ERROR;
				CLANG_WARN_RANGE_LOOP_ANALYSIS = YES;
				CLANG_WARN_STRICT_PROTOTYPES = YES;
				CLANG_WARN_SUSPICIOUS_MOVE = YES;
				CLANG_WARN_UNGUARDED_AVAILABILITY = YES_AGGRESSIVE;
				CLANG_WARN_UNREACHABLE_CODE = YES;
				CLANG_WARN__DUPLICATE_METHOD_MATCH = YES;
				CODE_SIGN_IDENTITY = "iPhone Developer";
				COPY_PHASE_STRIP = NO;
				DEBUG_INFORMATION_FORMAT = dwarf;
				ENABLE_STRICT_OBJC_MSGSEND = YES;
				ENABLE_TESTABILITY = YES;
				GCC_C_LANGUAGE_STANDARD = gnu11;
				GCC_DYNAMIC_NO_PIC = NO;
				GCC_NO_COMMON_BLOCKS = YES;
				GCC_OPTIMIZATION_LEVEL = 0;
				GCC_PREPROCESSOR_DEFINITIONS = (
					"DEBUG=1",
					"$(inherited)",
				);
				GCC_WARN_64_TO_32_BIT_CONVERSION = YES;
				GCC_WARN_ABOUT_RETURN_TYPE = YES_ERROR;
				GCC_WARN_UNDECLARED_SELECTOR = YES;
				GCC_WARN_UNINITIALIZED_AUTOS = YES_AGGRESSIVE;
				GCC_WARN_UNUSED_FUNCTION = YES;
				GCC_WARN_UNUSED_VARIABLE = YES;
				IPHONEOS_DEPLOYMENT_TARGET = 11.1;
				MTL_ENABLE_DEBUG_INFO = YES;
				ONLY_ACTIVE_ARCH = YES;
				SDKROOT = iphoneos;
				SWIFT_ACTIVE_COMPILATION_CONDITIONS = DEBUG;
				SWIFT_OPTIMIZATION_LEVEL = "-Onone";
			};
			name = Debug;
		};
		9BBBC70A1FD09DAA00F364E3 /* Release */ = {
			isa = XCBuildConfiguration;
			buildSettings = {
				ALWAYS_SEARCH_USER_PATHS = NO;
				CLANG_ANALYZER_NONNULL = YES;
				CLANG_ANALYZER_NUMBER_OBJECT_CONVERSION = YES_AGGRESSIVE;
				CLANG_CXX_LANGUAGE_STANDARD = "gnu++14";
				CLANG_CXX_LIBRARY = "libc++";
				CLANG_ENABLE_MODULES = YES;
				CLANG_ENABLE_OBJC_ARC = YES;
				CLANG_WARN_BLOCK_CAPTURE_AUTORELEASING = YES;
				CLANG_WARN_BOOL_CONVERSION = YES;
				CLANG_WARN_COMMA = YES;
				CLANG_WARN_CONSTANT_CONVERSION = YES;
				CLANG_WARN_DIRECT_OBJC_ISA_USAGE = YES_ERROR;
				CLANG_WARN_DOCUMENTATION_COMMENTS = YES;
				CLANG_WARN_EMPTY_BODY = YES;
				CLANG_WARN_ENUM_CONVERSION = YES;
				CLANG_WARN_INFINITE_RECURSION = YES;
				CLANG_WARN_INT_CONVERSION = YES;
				CLANG_WARN_NON_LITERAL_NULL_CONVERSION = YES;
				CLANG_WARN_OBJC_LITERAL_CONVERSION = YES;
				CLANG_WARN_OBJC_ROOT_CLASS = YES_ERROR;
				CLANG_WARN_RANGE_LOOP_ANALYSIS = YES;
				CLANG_WARN_STRICT_PROTOTYPES = YES;
				CLANG_WARN_SUSPICIOUS_MOVE = YES;
				CLANG_WARN_UNGUARDED_AVAILABILITY = YES_AGGRESSIVE;
				CLANG_WARN_UNREACHABLE_CODE = YES;
				CLANG_WARN__DUPLICATE_METHOD_MATCH = YES;
				CODE_SIGN_IDENTITY = "iPhone Developer";
				COPY_PHASE_STRIP = NO;
				DEBUG_INFORMATION_FORMAT = "dwarf-with-dsym";
				ENABLE_NS_ASSERTIONS = NO;
				ENABLE_STRICT_OBJC_MSGSEND = YES;
				GCC_C_LANGUAGE_STANDARD = gnu11;
				GCC_NO_COMMON_BLOCKS = YES;
				GCC_WARN_64_TO_32_BIT_CONVERSION = YES;
				GCC_WARN_ABOUT_RETURN_TYPE = YES_ERROR;
				GCC_WARN_UNDECLARED_SELECTOR = YES;
				GCC_WARN_UNINITIALIZED_AUTOS = YES_AGGRESSIVE;
				GCC_WARN_UNUSED_FUNCTION = YES;
				GCC_WARN_UNUSED_VARIABLE = YES;
				IPHONEOS_DEPLOYMENT_TARGET = 11.1;
				MTL_ENABLE_DEBUG_INFO = NO;
				SDKROOT = iphoneos;
				SWIFT_OPTIMIZATION_LEVEL = "-Owholemodule";
				VALIDATE_PRODUCT = YES;
			};
			name = Release;
		};
		9BBBC70C1FD09DAA00F364E3 /* Debug */ = {
			isa = XCBuildConfiguration;
			buildSettings = {
				ASSETCATALOG_COMPILER_APPICON_NAME = AppIcon;
				CODE_SIGN_STYLE = Automatic;
				DEVELOPMENT_TEAM = ZFJ8KCA7SY;
				INFOPLIST_FILE = MathFinalExamReview/Info.plist;
				IPHONEOS_DEPLOYMENT_TARGET = 10.3;
				LD_RUNPATH_SEARCH_PATHS = "$(inherited) @executable_path/Frameworks";
				PRODUCT_BUNDLE_IDENTIFIER = com.sachania.prakash.MathFinalExamReview;
				PRODUCT_NAME = "$(TARGET_NAME)";
				SWIFT_VERSION = 4.0;
				TARGETED_DEVICE_FAMILY = "1,2";
			};
			name = Debug;
		};
		9BBBC70D1FD09DAA00F364E3 /* Release */ = {
			isa = XCBuildConfiguration;
			buildSettings = {
				ASSETCATALOG_COMPILER_APPICON_NAME = AppIcon;
				CODE_SIGN_STYLE = Automatic;
				DEVELOPMENT_TEAM = ZFJ8KCA7SY;
				INFOPLIST_FILE = MathFinalExamReview/Info.plist;
				IPHONEOS_DEPLOYMENT_TARGET = 10.3;
				LD_RUNPATH_SEARCH_PATHS = "$(inherited) @executable_path/Frameworks";
				PRODUCT_BUNDLE_IDENTIFIER = com.sachania.prakash.MathFinalExamReview;
				PRODUCT_NAME = "$(TARGET_NAME)";
				SWIFT_VERSION = 4.0;
				TARGETED_DEVICE_FAMILY = "1,2";
			};
			name = Release;
		};
/* End XCBuildConfiguration section */

/* Begin XCConfigurationList section */
		9BBBC6F41FD09DAA00F364E3 /* Build configuration list for PBXProject "MathFinalExamReview" */ = {
			isa = XCConfigurationList;
			buildConfigurations = (
				9BBBC7091FD09DAA00F364E3 /* Debug */,
				9BBBC70A1FD09DAA00F364E3 /* Release */,
			);
			defaultConfigurationIsVisible = 0;
			defaultConfigurationName = Release;
		};
		9BBBC70B1FD09DAA00F364E3 /* Build configuration list for PBXNativeTarget "MathFinalExamReview" */ = {
			isa = XCConfigurationList;
			buildConfigurations = (
				9BBBC70C1FD09DAA00F364E3 /* Debug */,
				9BBBC70D1FD09DAA00F364E3 /* Release */,
			);
			defaultConfigurationIsVisible = 0;
			defaultConfigurationName = Release;
		};
/* End XCConfigurationList section */
	};
	rootObject = 9BBBC6F11FD09DAA00F364E3 /* Project object */;
}
